
Microsoft Visual Studio Solution File, Format Version 12.00
# Visual Studio Version 17
VisualStudioVersion = 17.3.32922.545
MinimumVisualStudioVersion = 10.0.40219.1
Project("{FAE04EC0-301F-11D3-BF4B-00C04F79EFBC}") = "Домашка", "Домашка.csproj", "{7E6D9F61-3FCF-4323-A395-01816DEDFB3B}"
EndProject
Project("{FAE04EC0-301F-11D3-BF4B-00C04F79EFBC}") = "dz forms", "..\dz forms\dz forms.csproj", "{7C216F53-2EA4-4BEE-8335-0A1008C8CF0A}"
EndProject
Project("{FAE04EC0-301F-11D3-BF4B-00C04F79EFBC}") = "Proc", "..\Proc\Proc.csproj", "{B550F6B2-51CF-4D56-8F09-CA255BA7AF3A}"
EndProject
Global
	GlobalSection(SolutionConfigurationPlatforms) = preSolution
		Debug|Any CPU = Debug|Any CPU
		Release|Any CPU = Release|Any CPU
	EndGlobalSection
	GlobalSection(ProjectConfigurationPlatforms) = postSolution
		{7E6D9F61-3FCF-4323-A395-01816DEDFB3B}.Debug|Any CPU.ActiveCfg = Debug|Any CPU
		{7E6D9F61-3FCF-4323-A395-01816DEDFB3B}.Debug|Any CPU.Build.0 = Debug|Any CPU
		{7E6D9F61-3FCF-4323-A395-01816DEDFB3B}.Release|Any CPU.ActiveCfg = Release|Any CPU
		{7E6D9F61-3FCF-4323-A395-01816DEDFB3B}.Release|Any CPU.Build.0 = Release|Any CPU
		{7C216F53-2EA4-4BEE-8335-0A1008C8CF0A}.Debug|Any CPU.ActiveCfg = Debug|Any CPU
		{7C216F53-2EA4-4BEE-8335-0A1008C8CF0A}.Debug|Any CPU.Build.0 = Debug|Any CPU
		{7C216F53-2EA4-4BEE-8335-0A1008C8CF0A}.Release|Any CPU.ActiveCfg = Release|Any CPU
		{7C216F53-2EA4-4BEE-8335-0A1008C8CF0A}.Release|Any CPU.Build.0 = Release|Any CPU
		{B550F6B2-51CF-4D56-8F09-CA255BA7AF3A}.Debug|Any CPU.ActiveCfg = Debug|Any CPU
		{B550F6B2-51CF-4D56-8F09-CA255BA7AF3A}.Debug|Any CPU.Build.0 = Debug|Any CPU
		{B550F6B2-51CF-4D56-8F09-CA255BA7AF3A}.Release|Any CPU.ActiveCfg = Release|Any CPU
		{B550F6B2-51CF-4D56-8F09-CA255BA7AF3A}.Release|Any CPU.Build.0 = Release|Any CPU
	EndGlobalSection
	GlobalSection(SolutionProperties) = preSolution
		HideSolutionNode = FALSE
	EndGlobalSection
	GlobalSection(ExtensibilityGlobals) = postSolution
		SolutionGuid = {E18C3216-FA29-48A6-97BB-FFF40DE197E9}
	EndGlobalSection
EndGlobal
